{
  "name": "solidity-smart-contracts",
  "version": "1.0.0",
  "lockfileVersion": 2,
  "requires": true,
  "packages": {
    "": {
      "name": "solidity-smart-contracts",
      "version": "1.0.0",
      "license": "ISC",
      "dependencies": {
        "@openzeppelin/contracts": "^4.8.0-rc.1"
      }
    },
    "node_modules/@openzeppelin/contracts": {
      "version": "4.8.0-rc.1",
      "resolved": "https://registry.npmjs.org/@openzeppelin/contracts/-/contracts-4.8.0-rc.1.tgz",
      "integrity": "sha512-1wK+KHAGDLwiBp+ezRVT3Nz1PdlBbnoNTkiQw5k/y8bfGXbCfB/pofaSjzJtTJMB1OzKmRBYTBveCttxGEdSqQ=="
    }
  },
  "dependencies": {
    "@openzeppelin/contracts": {
      "version": "4.8.0-rc.1",
      "resolved": "https://registry.npmjs.org/@openzeppelin/contracts/-/contracts-4.8.0-rc.1.tgz",
      "integrity": "sha512-1wK+KHAGDLwiBp+ezRVT3Nz1PdlBbnoNTkiQw5k/y8bfGXbCfB/pofaSjzJtTJMB1OzKmRBYTBveCttxGEdSqQ=="
    }
  }
}
